
Microsoft Visual Studio Solution File, Format Version 12.00
# Visual Studio 15
VisualStudioVersion = 15.0.26823.1
MinimumVisualStudioVersion = 10.0.40219.1
Project("{FAE04EC0-301F-11D3-BF4B-00C04F79EFBC}") = "MVC-AspDotNet-Identity", "MVC-AspDotNet-Identity\MVC-AspDotNet-Identity.csproj", "{9CA4136C-CB62-47C9-BFAD-EDEFEB39BB65}"
EndProject
Project("{FAE04EC0-301F-11D3-BF4B-00C04F79EFBC}") = "FunctionApp1", "FunctionApp1\FunctionApp1.csproj", "{2F85602F-039F-49F5-ADF4-01D5208971D9}"
EndProject
Global
	GlobalSection(SolutionConfigurationPlatforms) = preSolution
		Debug|Any CPU = Debug|Any CPU
		Release|Any CPU = Release|Any CPU
	EndGlobalSection
	GlobalSection(ProjectConfigurationPlatforms) = postSolution
		{9CA4136C-CB62-47C9-BFAD-EDEFEB39BB65}.Debug|Any CPU.ActiveCfg = Debug|Any CPU
		{9CA4136C-CB62-47C9-BFAD-EDEFEB39BB65}.Debug|Any CPU.Build.0 = Debug|Any CPU
		{9CA4136C-CB62-47C9-BFAD-EDEFEB39BB65}.Release|Any CPU.ActiveCfg = Release|Any CPU
		{9CA4136C-CB62-47C9-BFAD-EDEFEB39BB65}.Release|Any CPU.Build.0 = Release|Any CPU
		{2F85602F-039F-49F5-ADF4-01D5208971D9}.Debug|Any CPU.ActiveCfg = Debug|Any CPU
		{2F85602F-039F-49F5-ADF4-01D5208971D9}.Debug|Any CPU.Build.0 = Debug|Any CPU
		{2F85602F-039F-49F5-ADF4-01D5208971D9}.Release|Any CPU.ActiveCfg = Release|Any CPU
		{2F85602F-039F-49F5-ADF4-01D5208971D9}.Release|Any CPU.Build.0 = Release|Any CPU
	EndGlobalSection
	GlobalSection(SolutionProperties) = preSolution
		HideSolutionNode = FALSE
	EndGlobalSection
	GlobalSection(ExtensibilityGlobals) = postSolution
		SolutionGuid = {B6E42B96-AA8E-481D-9EFB-30DFAE07D459}
	EndGlobalSection
EndGlobal
